# THIS IS AN AUTOGENERATED FILE. DO NOT EDIT THIS FILE DIRECTLY.
# yarn lockfile v1


"@rails/actiontext@^8.0.300":
  version "8.0.300"
  resolved "https://registry.yarnpkg.com/@rails/actiontext/-/actiontext-8.0.300.tgz#a5c89ef825f5e1b199456abc86c8f2f746227450"
  integrity sha512-3uIRBH7SsjlgbpZQTEsgZg9bdH2umdjCoXp02oRF1PzEi/TcOTQD/PXTthkRiXdo0sA6y3PMgJNiPs/JfW4JLQ==
  dependencies:
    "@rails/activestorage" ">= 8.0.0-alpha"

"@rails/activestorage@>= 8.0.0-alpha":
  version "8.0.300"
  resolved "https://registry.yarnpkg.com/@rails/activestorage/-/activestorage-8.0.300.tgz#4c31cf2ae59033a1fbb90ba545ff216b5ea161f8"
  integrity sha512-vgugHjdH0wLM1+ajWdoiNNFphDsZrd349iJvfyVPC21IkMdJOnaBpF4eaV847cDqP/7mxxDZ4nkhc7dgQjGa4A==
  dependencies:
    spark-md5 "^3.0.1"

"@tailwindcss/typography@^0.5.16":
  version "0.5.18"
  resolved "https://registry.yarnpkg.com/@tailwindcss/typography/-/typography-0.5.18.tgz#d21c6ce0205b2c8a6d175f9caa9cc7f7c39184f2"
  integrity sha512-dDIgwZOlf+tVkZ7A029VvQ1+ngKATENDjMEx2N35s2yPjfTS05RWSM8ilhEWSa5DMJ6ci2Ha9WNZEd2GQjrdQg==
  dependencies:
    postcss-selector-parser "6.0.10"

"@types/trusted-types@^2.0.7":
  version "2.0.7"
  resolved "https://registry.yarnpkg.com/@types/trusted-types/-/trusted-types-2.0.7.tgz#baccb07a970b91707df3a3e8ba6896c57ead2d11"
  integrity sha512-ScaPdn1dQczgbl0QFTeTOmVHFULt394XJgOQNoyVhZ6r2vLnMLJfBPd53SB52T/3G36VI1/g2MZaX0cwDuXsfw==

cssesc@^3.0.0:
  version "3.0.0"
  resolved "https://registry.yarnpkg.com/cssesc/-/cssesc-3.0.0.tgz#37741919903b868565e1c09ea747445cd18983ee"
  integrity sha512-/Tb/JcjK111nNScGob5MNtsntNM1aCNUDipB/TkwZFhyDrrE47SOx/18wF2bbjgc3ZzCSKW1T5nt5EbFoAz/Vg==

daisyui@^5.0.43:
  version "5.1.14"
  resolved "https://registry.yarnpkg.com/daisyui/-/daisyui-5.1.14.tgz#243d171059ecba70f022b9527f90707f9965fbc2"
  integrity sha512-c9Op7tB8vLzzazFaLeyFsmmVMLrU8sYo1sHuStBGTbaAzLVxrulelGQBROo/lS2ZxWm/CnCb9NWdKbTL+MaKFA==

dompurify@^3.2.5:
  version "3.2.7"
  resolved "https://registry.yarnpkg.com/dompurify/-/dompurify-3.2.7.tgz#721d63913db5111dd6dfda8d3a748cfd7982d44a"
  integrity sha512-WhL/YuveyGXJaerVlMYGWhvQswa7myDG17P7Vu65EWC05o8vfeNbvNf4d/BOvH99+ZW+LlQsc1GDKMa1vNK6dw==
  optionalDependencies:
    "@types/trusted-types" "^2.0.7"

postcss-selector-parser@6.0.10:
  version "6.0.10"
  resolved "https://registry.yarnpkg.com/postcss-selector-parser/-/postcss-selector-parser-6.0.10.tgz#79b61e2c0d1bfc2602d549e11d0876256f8df88d"
  integrity sha512-IQ7TZdoaqbT+LCpShg46jnZVlhWD2w6iQYAcYXfHARZ7X1t/UGhhceQDs5X0cGqKvYlHNOuv7Oa1xmb0oQuA3w==
  dependencies:
    cssesc "^3.0.0"
    util-deprecate "^1.0.2"

prettier-plugin-tailwindcss@^0.6.12:
  version "0.6.14"
  resolved "https://registry.yarnpkg.com/prettier-plugin-tailwindcss/-/prettier-plugin-tailwindcss-0.6.14.tgz#06701a580f7104c034ae3b699dbd17a80d67f0cd"
  integrity sha512-pi2e/+ZygeIqntN+vC573BcW5Cve8zUB0SSAGxqpB4f96boZF4M3phPVoOFCeypwkpRYdi7+jQ5YJJUwrkGUAg==

prettier@^3.5.3:
  version "3.6.2"
  resolved "https://registry.yarnpkg.com/prettier/-/prettier-3.6.2.tgz#ccda02a1003ebbb2bfda6f83a074978f608b9393"
  integrity sha512-I7AIg5boAr5R0FFtJ6rCfD+LFsWHp81dolrFD8S79U9tb8Az2nGrJncnMSnys+bpQJfRUzqs9hnA81OAA3hCuQ==

spark-md5@^3.0.1:
  version "3.0.2"
  resolved "https://registry.yarnpkg.com/spark-md5/-/spark-md5-3.0.2.tgz#7952c4a30784347abcee73268e473b9c0167e3fc"
  integrity sha512-wcFzz9cDfbuqe0FZzfi2or1sgyIrsDwmPwfZC4hiNidPdPINjeUwNfv5kldczoEAcjl9Y1L3SM7Uz2PUEQzxQw==

trix@^2.1.15:
  version "2.1.15"
  resolved "https://registry.yarnpkg.com/trix/-/trix-2.1.15.tgz#fabad796ea779a8ae96522402fbc214cbfc4015f"
  integrity sha512-LoaXWczdTUV8+3Box92B9b1iaDVbxD14dYemZRxi3PwY+AuDm97BUJV2aHLBUFPuDABhxp0wzcbf0CxHCVmXiw==
  dependencies:
    dompurify "^3.2.5"

util-deprecate@^1.0.2:
  version "1.0.2"
  resolved "https://registry.yarnpkg.com/util-deprecate/-/util-deprecate-1.0.2.tgz#450d4dc9fa70de732762fbd2d4a28981419a0ccf"
  integrity sha512-EPD5q1uXyFxJpCrLnCc1nHnq3gOa6DZBocAIiI2TaSCA7VCJ1UJDMagCzIkXNsUYfD1daK//LTEQ8xiIbrHtcw==
